// !$*UTF8*$!
{
	archiveVersion = 1;
	classes = {
	};
	objectVersion = 46;
	objects = {

/* Begin PBXBuildFile section */
		A912F26A1C9694F50099705D /* main.m in Sources */ = {isa = PBXBuildFile; fileRef = A912F2691C9694F50099705D /* main.m */; };
		A912F26D1C9694F50099705D /* AppDelegate.m in Sources */ = {isa = PBXBuildFile; fileRef = A912F26C1C9694F50099705D /* AppDelegate.m */; };
		A912F2701C9694F50099705D /* ViewController.m in Sources */ = {isa = PBXBuildFile; fileRef = A912F26F1C9694F50099705D /* ViewController.m */; };
		A912F2731C9694F50099705D /* Main.storyboard in Resources */ = {isa = PBXBuildFile; fileRef = A912F2711C9694F50099705D /* Main.storyboard */; };
		A912F2751C9694F50099705D /* Assets.xcassets in Resources */ = {isa = PBXBuildFile; fileRef = A912F2741C9694F50099705D /* Assets.xcassets */; };
		A912F2781C9694F50099705D /* LaunchScreen.storyboard in Resources */ = {isa = PBXBuildFile; fileRef = A912F2761C9694F50099705D /* LaunchScreen.storyboard */; };
		A912F2831C9694F50099705D /* YTAnmationUITests.m in Sources */ = {isa = PBXBuildFile; fileRef = A912F2821C9694F50099705D /* YTAnmationUITests.m */; };
/* End PBXBuildFile section */

/* Begin PBXContainerItemProxy section */
		A912F27F1C9694F50099705D /* PBXContainerItemProxy */ = {
			isa = PBXContainerItemProxy;
			containerPortal = A912F25D1C9694F40099705D /* Project object */;
			proxyType = 1;
			remoteGlobalIDString = A912F2641C9694F40099705D;
			remoteInfo = YTAnmation;
		};
/* End PBXContainerItemProxy section */

/* Begin PBXFileReference section */
		A912F2651C9694F40099705D /* YTAnmation.app */ = {isa = PBXFileReference; explicitFileType = wrapper.application; includeInIndex = 0; path = YTAnmation.app; sourceTree = BUILT_PRODUCTS_DIR; };
		A912F2691C9694F50099705D /* main.m */ = {isa = PBXFileReference; lastKnownFileType = sourcecode.c.objc; path = main.m; sourceTree = "<group>"; };
		A912F26B1C9694F50099705D /* AppDelegate.h */ = {isa = PBXFileReference; lastKnownFileType = sourcecode.c.h; path = AppDelegate.h; sourceTree = "<group>"; };
		A912F26C1C9694F50099705D /* AppDelegate.m */ = {isa = PBXFileReference; lastKnownFileType = sourcecode.c.objc; path = AppDelegate.m; sourceTree = "<group>"; };
		A912F26E1C9694F50099705D /* ViewController.h */ = {isa = PBXFileReference; lastKnownFileType = sourcecode.c.h; path = ViewController.h; sourceTree = "<group>"; };
		A912F26F1C9694F50099705D /* ViewController.m */ = {isa = PBXFileReference; lastKnownFileType = sourcecode.c.objc; path = ViewController.m; sourceTree = "<group>"; };
		A912F2721C9694F50099705D /* Base */ = {isa = PBXFileReference; lastKnownFileType = file.storyboard; name = Base; path = Base.lproj/Main.storyboard; sourceTree = "<group>"; };
		A912F2741C9694F50099705D /* Assets.xcassets */ = {isa = PBXFileReference; lastKnownFileType = folder.assetcatalog; path = Assets.xcassets; sourceTree = "<group>"; };
		A912F2771C9694F50099705D /* Base */ = {isa = PBXFileReference; lastKnownFileType = file.storyboard; name = Base; path = Base.lproj/LaunchScreen.storyboard; sourceTree = "<group>"; };
		A912F2791C9694F50099705D /* Info.plist */ = {isa = PBXFileReference; lastKnownFileType = text.plist.xml; path = Info.plist; sourceTree = "<group>"; };
		A912F27E1C9694F50099705D /* YTAnmationUITests.xctest */ = {isa = PBXFileReference; explicitFileType = wrapper.cfbundle; includeInIndex = 0; path = YTAnmationUITests.xctest; sourceTree = BUILT_PRODUCTS_DIR; };
		A912F2821C9694F50099705D /* YTAnmationUITests.m */ = {isa = PBXFileReference; lastKnownFileType = sourcecode.c.objc; path = YTAnmationUITests.m; sourceTree = "<group>"; };
		A912F2841C9694F50099705D /* Info.plist */ = {isa = PBXFileReference; lastKnownFileType = text.plist.xml; path = Info.plist; sourceTree = "<group>"; };
/* End PBXFileReference section */

/* Begin PBXFrameworksBuildPhase section */
		A912F2621C9694F40099705D /* Frameworks */ = {
			isa = PBXFrameworksBuildPhase;
			buildActionMask = 2147483647;
			files = (
			);
			runOnlyForDeploymentPostprocessing = 0;
		};
		A912F27B1C9694F50099705D /* Frameworks */ = {
			isa = PBXFrameworksBuildPhase;
			buildActionMask = 2147483647;
			files = (
			);
			runOnlyForDeploymentPostprocessing = 0;
		};
/* End PBXFrameworksBuildPhase section */

/* Begin PBXGroup section */
		A912F25C1C9694F40099705D = {
			isa = PBXGroup;
			children = (
				A912F2671C9694F40099705D /* YTAnmation */,
				A912F2811C9694F50099705D /* YTAnmationUITests */,
				A912F2661C9694F40099705D /* Products */,
			);
			sourceTree = "<group>";
		};
		A912F2661C9694F40099705D /* Products */ = {
			isa = PBXGroup;
			children = (
				A912F2651C9694F40099705D /* YTAnmation.app */,
				A912F27E1C9694F50099705D /* YTAnmationUITests.xctest */,
			);
			name = Products;
			sourceTree = "<group>";
		};
		A912F2671C9694F40099705D /* YTAnmation */ = {
			isa = PBXGroup;
			children = (
				A912F26B1C9694F50099705D /* AppDelegate.h */,
				A912F26C1C9694F50099705D /* AppDelegate.m */,
				A912F26E1C9694F50099705D /* ViewController.h */,
				A912F26F1C9694F50099705D /* ViewController.m */,
				A912F2711C9694F50099705D /* Main.storyboard */,
				A912F2741C9694F50099705D /* Assets.xcassets */,
				A912F2761C9694F50099705D /* LaunchScreen.storyboard */,
				A912F2791C9694F50099705D /* Info.plist */,
				A912F2681C9694F50099705D /* Supporting Files */,
			);
			path = YTAnmation;
			sourceTree = "<group>";
		};
		A912F2681C9694F50099705D /* Supporting Files */ = {
			isa = PBXGroup;
			children = (
				A912F2691C9694F50099705D /* main.m */,
			);
			name = "Supporting Files";
			sourceTree = "<group>";
		};
		A912F2811C9694F50099705D /* YTAnmationUITests */ = {
			isa = PBXGroup;
			children = (
				A912F2821C9694F50099705D /* YTAnmationUITests.m */,
				A912F2841C9694F50099705D /* Info.plist */,
			);
			path = YTAnmationUITests;
			sourceTree = "<group>";
		};
/* End PBXGroup section */

/* Begin PBXNativeTarget section */
		A912F2641C9694F40099705D /* YTAnmation */ = {
			isa = PBXNativeTarget;
			buildConfigurationList = A912F2871C9694F50099705D /* Build configuration list for PBXNativeTarget "YTAnmation" */;
			buildPhases = (
				A912F2611C9694F40099705D /* Sources */,
				A912F2621C9694F40099705D /* Frameworks */,
				A912F2631C9694F40099705D /* Resources */,
			);
			buildRules = (
			);
			dependencies = (
			);
			name = YTAnmation;
			productName = YTAnmation;
			productReference = A912F2651C9694F40099705D /* YTAnmation.app */;
			productType = "com.apple.product-type.application";
		};
		A912F27D1C9694F50099705D /* YTAnmationUITests */ = {
			isa = PBXNativeTarget;
			buildConfigurationList = A912F28A1C9694F50099705D /* Build configuration list for PBXNativeTarget "YTAnmationUITests" */;
			buildPhases = (
				A912F27A1C9694F50099705D /* Sources */,
				A912F27B1C9694F50099705D /* Frameworks */,
				A912F27C1C9694F50099705D /* Resources */,
			);
			buildRules = (
			);
			dependencies = (
				A912F2801C9694F50099705D /* PBXTargetDependency */,
			);
			name = YTAnmationUITests;
			productName = YTAnmationUITests;
			productReference = A912F27E1C9694F50099705D /* YTAnmationUITests.xctest */;
			productType = "com.apple.product-type.bundle.ui-testing";
		};
/* End PBXNativeTarget section */

/* Begin PBXProject section */
		A912F25D1C9694F40099705D /* Project object */ = {
			isa = PBXProject;
			attributes = {
				LastUpgradeCheck = 0720;
				ORGANIZATIONNAME = Ljcx;
				TargetAttributes = {
					A912F2641C9694F40099705D = {
						CreatedOnToolsVersion = 7.2;
					};
					A912F27D1C9694F50099705D = {
						CreatedOnToolsVersion = 7.2;
						TestTargetID = A912F2641C9694F40099705D;
					};
				};
			};
			buildConfigurationList = A912F2601C9694F40099705D /* Build configuration list for PBXProject "YTAnmation" */;
			compatibilityVersion = "Xcode 3.2";
			developmentRegion = English;
			hasScannedForEncodings = 0;
			knownRegions = (
				en,
				Base,
			);
			mainGroup = A912F25C1C9694F40099705D;
			productRefGroup = A912F2661C9694F40099705D /* Products */;
			projectDirPath = "";
			projectRoot = "";
			targets = (
				A912F2641C9694F40099705D /* YTAnmation */,
				A912F27D1C9694F50099705D /* YTAnmationUITests */,
			);
		};
/* End PBXProject section */

/* Begin PBXResourcesBuildPhase section */
		A912F2631C9694F40099705D /* Resources */ = {
			isa = PBXResourcesBuildPhase;
			buildActionMask = 2147483647;
			files = (
				A912F2781C9694F50099705D /* LaunchScreen.storyboard in Resources */,
				A912F2751C9694F50099705D /* Assets.xcassets in Resources */,
				A912F2731C9694F50099705D /* Main.storyboard in Resources */,
			);
			runOnlyForDeploymentPostprocessing = 0;
		};
		A912F27C1C9694F50099705D /* Resources */ = {
			isa = PBXResourcesBuildPhase;
			buildActionMask = 2147483647;
			files = (
			);
			runOnlyForDeploymentPostprocessing = 0;
		};
/* End PBXResourcesBuildPhase section */

/* Begin PBXSourcesBuildPhase section */
		A912F2611C9694F40099705D /* Sources */ = {
			isa = PBXSourcesBuildPhase;
			buildActionMask = 2147483647;
			files = (
				A912F2701C9694F50099705D /* ViewController.m in Sources */,
				A912F26D1C9694F50099705D /* AppDelegate.m in Sources */,
				A912F26A1C9694F50099705D /* main.m in Sources */,
			);
			runOnlyForDeploymentPostprocessing = 0;
		};
		A912F27A1C9694F50099705D /* Sources */ = {
			isa = PBXSourcesBuildPhase;
			buildActionMask = 2147483647;
			files = (
				A912F2831C9694F50099705D /* YTAnmationUITests.m in Sources */,
			);
			runOnlyForDeploymentPostprocessing = 0;
		};
/* End PBXSourcesBuildPhase section */

/* Begin PBXTargetDependency section */
		A912F2801C9694F50099705D /* PBXTargetDependency */ = {
			isa = PBXTargetDependency;
			target = A912F2641C9694F40099705D /* YTAnmation */;
			targetProxy = A912F27F1C9694F50099705D /* PBXContainerItemProxy */;
		};
/* End PBXTargetDependency section */

/* Begin PBXVariantGroup section */
		A912F2711C9694F50099705D /* Main.storyboard */ = {
			isa = PBXVariantGroup;
			children = (
				A912F2721C9694F50099705D /* Base */,
			);
			name = Main.storyboard;
			sourceTree = "<group>";
		};
		A912F2761C9694F50099705D /* LaunchScreen.storyboard */ = {
			isa = PBXVariantGroup;
			children = (
				A912F2771C9694F50099705D /* Base */,
			);
			name = LaunchScreen.storyboard;
			sourceTree = "<group>";
		};
/* End PBXVariantGroup section */

/* Begin XCBuildConfiguration section */
		A912F2851C9694F50099705D /* Debug */ = {
			isa = XCBuildConfiguration;
			buildSettings = {
				ALWAYS_SEARCH_USER_PATHS = NO;
				CLANG_CXX_LANGUAGE_STANDARD = "gnu++0x";
				CLANG_CXX_LIBRARY = "libc++";
				CLANG_ENABLE_MODULES = YES;
				CLANG_ENABLE_OBJC_ARC = YES;
				CLANG_WARN_BOOL_CONVERSION = YES;
				CLANG_WARN_CONSTANT_CONVERSION = YES;
				CLANG_WARN_DIRECT_OBJC_ISA_USAGE = YES_ERROR;
				CLANG_WARN_EMPTY_BODY = YES;
				CLANG_WARN_ENUM_CONVERSION = YES;
				CLANG_WARN_INT_CONVERSION = YES;
				CLANG_WARN_OBJC_ROOT_CLASS = YES_ERROR;
				CLANG_WARN_UNREACHABLE_CODE = YES;
				CLANG_WARN__DUPLICATE_METHOD_MATCH = YES;
				"CODE_SIGN_IDENTITY[sdk=iphoneos*]" = "iPhone Developer";
				COPY_PHASE_STRIP = NO;
				DEBUG_INFORMATION_FORMAT = dwarf;
				ENABLE_STRICT_OBJC_MSGSEND = YES;
				ENABLE_TESTABILITY = YES;
				GCC_C_LANGUAGE_STANDARD = gnu99;
				GCC_DYNAMIC_NO_PIC = NO;
				GCC_NO_COMMON_BLOCKS = YES;
				GCC_OPTIMIZATION_LEVEL = 0;
				GCC_PREPROCESSOR_DEFINITIONS = (
					"DEBUG=1",
					"$(inherited)",
				);
				GCC_WARN_64_TO_32_BIT_CONVERSION = YES;
				GCC_WARN_ABOUT_RETURN_TYPE = YES_ERROR;
				GCC_WARN_UNDECLARED_SELECTOR = YES;
				GCC_WARN_UNINITIALIZED_AUTOS = YES_AGGRESSIVE;
				GCC_WARN_UNUSED_FUNCTION = YES;
				GCC_WARN_UNUSED_VARIABLE = YES;
				IPHONEOS_DEPLOYMENT_TARGET = 9.2;
				MTL_ENABLE_DEBUG_INFO = YES;
				ONLY_ACTIVE_ARCH = YES;
				SDKROOT = iphoneos;
				TARGETED_DEVICE_FAMILY = "1,2";
			};
			name = Debug;
		};
		A912F2861C9694F50099705D /* Release */ = {
			isa = XCBuildConfiguration;
			buildSettings = {
				ALWAYS_SEARCH_USER_PATHS = NO;
				CLANG_CXX_LANGUAGE_STANDARD = "gnu++0x";
				CLANG_CXX_LIBRARY = "libc++";
				CLANG_ENABLE_MODULES = YES;
				CLANG_ENABLE_OBJC_ARC = YES;
				CLANG_WARN_BOOL_CONVERSION = YES;
				CLANG_WARN_CONSTANT_CONVERSION = YES;
				CLANG_WARN_DIRECT_OBJC_ISA_USAGE = YES_ERROR;
				CLANG_WARN_EMPTY_BODY = YES;
				CLANG_WARN_ENUM_CONVERSION = YES;
				CLANG_WARN_INT_CONVERSION = YES;
				CLANG_WARN_OBJC_ROOT_CLASS = YES_ERROR;
				CLANG_WARN_UNREACHABLE_CODE = YES;
				CLANG_WARN__DUPLICATE_METHOD_MATCH = YES;
				"CODE_SIGN_IDENTITY[sdk=iphoneos*]" = "iPhone Developer";
				COPY_PHASE_STRIP = NO;
				DEBUG_INFORMATION_FORMAT = "dwarf-with-dsym";
				ENABLE_NS_ASSERTIONS = NO;
				ENABLE_STRICT_OBJC_MSGSEND = YES;
				GCC_C_LANGUAGE_STANDARD = gnu99;
				GCC_NO_COMMON_BLOCKS = YES;
				GCC_WARN_64_TO_32_BIT_CONVERSION = YES;
				GCC_WARN_ABOUT_RETURN_TYPE = YES_ERROR;
				GCC_WARN_UNDECLARED_SELECTOR = YES;
				GCC_WARN_UNINITIALIZED_AUTOS = YES_AGGRESSIVE;
				GCC_WARN_UNUSED_FUNCTION = YES;
				GCC_WARN_UNUSED_VARIABLE = YES;
				IPHONEOS_DEPLOYMENT_TARGET = 9.2;
				MTL_ENABLE_DEBUG_INFO = NO;
				SDKROOT = iphoneos;
				TARGETED_DEVICE_FAMILY = "1,2";
				VALIDATE_PRODUCT = YES;
			};
			name = Release;
		};
		A912F2881C9694F50099705D /* Debug */ = {
			isa = XCBuildConfiguration;
			buildSettings = {
				ASSETCATALOG_COMPILER_APPICON_NAME = AppIcon;
				INFOPLIST_FILE = YTAnmation/Info.plist;
				LD_RUNPATH_SEARCH_PATHS = "$(inherited) @executable_path/Frameworks";
				PRODUCT_BUNDLE_IDENTIFIER = Huqian.YTAnmation;
				PRODUCT_NAME = "$(TARGET_NAME)";
			};
			name = Debug;
		};
		A912F2891C9694F50099705D /* Release */ = {
			isa = XCBuildConfiguration;
			buildSettings = {
				ASSETCATALOG_COMPILER_APPICON_NAME = AppIcon;
				INFOPLIST_FILE = YTAnmation/Info.plist;
				LD_RUNPATH_SEARCH_PATHS = "$(inherited) @executable_path/Frameworks";
				PRODUCT_BUNDLE_IDENTIFIER = Huqian.YTAnmation;
				PRODUCT_NAME = "$(TARGET_NAME)";
			};
			name = Release;
		};
		A912F28B1C9694F50099705D /* Debug */ = {
			isa = XCBuildConfiguration;
			buildSettings = {
				INFOPLIST_FILE = YTAnmationUITests/Info.plist;
				LD_RUNPATH_SEARCH_PATHS = "$(inherited) @executable_path/Frameworks @loader_path/Frameworks";
				PRODUCT_BUNDLE_IDENTIFIER = Huqian.YTAnmationUITests;
				PRODUCT_NAME = "$(TARGET_NAME)";
				TEST_TARGET_NAME = YTAnmation;
				USES_XCTRUNNER = YES;
			};
			name = Debug;
		};
		A912F28C1C9694F50099705D /* Release */ = {
			isa = XCBuildConfiguration;
			buildSettings = {
				INFOPLIST_FILE = YTAnmationUITests/Info.plist;
				LD_RUNPATH_SEARCH_PATHS = "$(inherited) @executable_path/Frameworks @loader_path/Frameworks";
				PRODUCT_BUNDLE_IDENTIFIER = Huqian.YTAnmationUITests;
				PRODUCT_NAME = "$(TARGET_NAME)";
				TEST_TARGET_NAME = YTAnmation;
				USES_XCTRUNNER = YES;
			};
			name = Release;
		};
/* End XCBuildConfiguration section */

/* Begin XCConfigurationList section */
		A912F2601C9694F40099705D /* Build configuration list for PBXProject "YTAnmation" */ = {
			isa = XCConfigurationList;
			buildConfigurations = (
				A912F2851C9694F50099705D /* Debug */,
				A912F2861C9694F50099705D /* Release */,
			);
			defaultConfigurationIsVisible = 0;
			defaultConfigurationName = Release;
		};
		A912F2871C9694F50099705D /* Build configuration list for PBXNativeTarget "YTAnmation" */ = {
			isa = XCConfigurationList;
			buildConfigurations = (
				A912F2881C9694F50099705D /* Debug */,
				A912F2891C9694F50099705D /* Release */,
			);
			defaultConfigurationIsVisible = 0;
		};
		A912F28A1C9694F50099705D /* Build configuration list for PBXNativeTarget "YTAnmationUITests" */ = {
			isa = XCConfigurationList;
			buildConfigurations = (
				A912F28B1C9694F50099705D /* Debug */,
				A912F28C1C9694F50099705D /* Release */,
			);
			defaultConfigurationIsVisible = 0;
		};
/* End XCConfigurationList section */
	};
	rootObject = A912F25D1C9694F40099705D /* Project object */;
}
